<?xml version="1.0" encoding="utf-8"?>
<Project ToolsVersion="4.0" xmlns="http://schemas.microsoft.com/developer/msbuild/2003">
  <ItemGroup>
    <ClCompile Include="..\test_list.c">
      <Filter>tests</Filter>
    </ClCompile>
    <ClCompile Include="..\..\block.c">
      <Filter>core</Filter>
    </ClCompile>
    <ClCompile Include="..\..\blockChange.c">
      <Filter>core</Filter>
    </ClCompile>
    <ClCompile Include="..\..\box.c">
      <Filter>core</Filter>
    </ClCompile>
    <ClCompile Include="..\..\cclog.c">
      <Filter>core</Filter>
    </ClCompile>
    <ClCompile Include="..\..\chunk.c">
      <Filter>core</Filter>
    </ClCompile>
    <ClCompile Include="..\..\color_atlas.c">
      <Filter>core</Filter>
    </ClCompile>
    <ClCompile Include="..\..\color_palette.c">
      <Filter>core</Filter>
    </ClCompile>
    <ClCompile Include="..\..\colors.c">
      <Filter>core</Filter>
    </ClCompile>
    <ClCompile Include="..\..\config.c">
      <Filter>core</Filter>
    </ClCompile>
    <ClCompile Include="..\..\doubly_linked_list.c">
      <Filter>core</Filter>
    </ClCompile>
    <ClCompile Include="..\..\doubly_linked_list_uint8.c">
      <Filter>core</Filter>
    </ClCompile>
    <ClCompile Include="..\..\easings.c">
      <Filter>core</Filter>
    </ClCompile>
    <ClCompile Include="..\..\fifo_list.c">
      <Filter>core</Filter>
    </ClCompile>
    <ClCompile Include="..\..\filo_list.c">
      <Filter>core</Filter>
    </ClCompile>
    <ClCompile Include="..\..\filo_list_float3.c">
      <Filter>core</Filter>
    </ClCompile>
    <ClCompile Include="..\..\filo_list_int3.c">
      <Filter>core</Filter>
    </ClCompile>
    <ClCompile Include="..\..\filo_list_uint16.c">
      <Filter>core</Filter>
    </ClCompile>
    <ClCompile Include="..\..\filo_list_uint32.c">
      <Filter>core</Filter>
    </ClCompile>
    <ClCompile Include="..\..\float3.c">
      <Filter>core</Filter>
    </ClCompile>
    <ClCompile Include="..\..\float4.c">
      <Filter>core</Filter>
    </ClCompile>
    <ClCompile Include="..\..\flood_fill_lighting.c">
      <Filter>core</Filter>
    </ClCompile>
    <ClCompile Include="..\..\hash_uint32_int.c">
      <Filter>core</Filter>
    </ClCompile>
    <ClCompile Include="..\..\history.c">
      <Filter>core</Filter>
    </ClCompile>
    <ClCompile Include="..\..\index3d.c">
      <Filter>core</Filter>
    </ClCompile>
    <ClCompile Include="..\..\inputs.c">
      <Filter>core</Filter>
    </ClCompile>
    <ClCompile Include="..\..\int3.c">
      <Filter>core</Filter>
    </ClCompile>
    <ClCompile Include="..\..\magicavoxel.c">
      <Filter>core</Filter>
    </ClCompile>
    <ClCompile Include="..\..\map_string_float3.c">
      <Filter>core</Filter>
    </ClCompile>
    <ClCompile Include="..\..\matrix4x4.c">
      <Filter>core</Filter>
    </ClCompile>
    <ClCompile Include="..\..\octree.c">
      <Filter>core</Filter>
    </ClCompile>
    <ClCompile Include="..\..\quaternion.c">
      <Filter>core</Filter>
    </ClCompile>
    <ClCompile Include="..\..\ray.c">
      <Filter>core</Filter>
    </ClCompile>
    <ClCompile Include="..\..\rigidBody.c">
      <Filter>core</Filter>
    </ClCompile>
    <ClCompile Include="..\..\rtree.c">
      <Filter>core</Filter>
    </ClCompile>
    <ClCompile Include="..\..\scene.c">
      <Filter>core</Filter>
    </ClCompile>
    <ClCompile Include="..\..\serialization.c">
      <Filter>core</Filter>
    </ClCompile>
    <ClCompile Include="..\..\serialization_v5.c">
      <Filter>core</Filter>
    </ClCompile>
    <ClCompile Include="..\..\serialization_v6.c">
      <Filter>core</Filter>
    </ClCompile>
    <ClCompile Include="..\..\shape.c">
      <Filter>core</Filter>
    </ClCompile>
    <ClCompile Include="..\..\stream.c">
      <Filter>core</Filter>
    </ClCompile>
    <ClCompile Include="..\..\transaction.c">
      <Filter>core</Filter>
    </ClCompile>
    <ClCompile Include="..\..\transform.c">
      <Filter>core</Filter>
    </ClCompile>
    <ClCompile Include="..\..\utils.c">
      <Filter>core</Filter>
    </ClCompile>
    <ClCompile Include="..\..\vertextbuffer.c">
      <Filter>core</Filter>
    </ClCompile>
    <ClCompile Include="..\..\weakptr.c">
      <Filter>core</Filter>
    </ClCompile>
    <ClCompile Include="..\..\mutex.c">
      <Filter>core</Filter>
    </ClCompile>
    <ClCompile Include="..\..\quad.c">
      <Filter>core</Filter>
    </ClCompile>
    <ClCompile Include="..\..\camera.c">
      <Filter>core</Filter>
    </ClCompile>
    <ClCompile Include="..\..\light.c">
      <Filter>core</Filter>
    </ClCompile>
    <ClCompile Include="..\..\world_text.c">
      <Filter>core</Filter>
    </ClCompile>
  </ItemGroup>
  <ItemGroup>
    <ClInclude Include="..\acutest.h">
      <Filter>tests</Filter>
    </ClInclude>
    <ClInclude Include="..\test_weakptr.h">
      <Filter>tests</Filter>
    </ClInclude>
    <ClInclude Include="..\test_block.h">
      <Filter>tests</Filter>
    </ClInclude>
    <ClInclude Include="..\test_blockChange.h">
      <Filter>tests</Filter>
    </ClInclude>
    <ClInclude Include="..\test_box.h">
      <Filter>tests</Filter>
    </ClInclude>
    <ClInclude Include="..\test_chunk.h">
      <Filter>tests</Filter>
    </ClInclude>
    <ClInclude Include="..\test_config.h">
      <Filter>tests</Filter>
    </ClInclude>
    <ClInclude Include="..\test_doubly_linked_list.h">
      <Filter>tests</Filter>
    </ClInclude>
    <ClInclude Include="..\test_doubly_linked_list_uint8.h">
      <Filter>tests</Filter>
    </ClInclude>
    <ClInclude Include="..\test_fifo_list.h">
      <Filter>tests</Filter>
    </ClInclude>
    <ClInclude Include="..\test_filo_list.h">
      <Filter>tests</Filter>
    </ClInclude>
    <ClInclude Include="..\test_filo_list_float3.h">
      <Filter>tests</Filter>
    </ClInclude>
    <ClInclude Include="..\test_filo_list_int3.h">
      <Filter>tests</Filter>
    </ClInclude>
    <ClInclude Include="..\test_filo_list_uint16.h">
      <Filter>tests</Filter>
    </ClInclude>
    <ClInclude Include="..\test_float3.h">
      <Filter>tests</Filter>
    </ClInclude>
    <ClInclude Include="..\test_float4.h">
      <Filter>tests</Filter>
    </ClInclude>
    <ClInclude Include="..\test_hash_uint32_int.h">
      <Filter>tests</Filter>
    </ClInclude>
    <ClInclude Include="..\test_int3.h">
      <Filter>tests</Filter>
    </ClInclude>
    <ClInclude Include="..\test_matrix4x4.h">
      <Filter>tests</Filter>
    </ClInclude>
    <ClInclude Include="..\test_quaternion.h">
      <Filter>tests</Filter>
    </ClInclude>
    <ClInclude Include="..\test_rtree.h">
      <Filter>tests</Filter>
    </ClInclude>
    <ClInclude Include="..\test_shape.h">
      <Filter>tests</Filter>
    </ClInclude>
    <ClInclude Include="..\test_stream.h">
      <Filter>tests</Filter>
    </ClInclude>
    <ClInclude Include="..\test_transaction.h">
      <Filter>tests</Filter>
    </ClInclude>
    <ClInclude Include="..\test_transform.h">
      <Filter>tests</Filter>
    </ClInclude>
    <ClInclude Include="..\test_utils.h">
      <Filter>tests</Filter>
    </ClInclude>
    <ClInclude Include="..\..\block.h">
      <Filter>core</Filter>
    </ClInclude>
    <ClInclude Include="..\..\blockChange.h">
      <Filter>core</Filter>
    </ClInclude>
    <ClInclude Include="..\..\box.h">
      <Filter>core</Filter>
    </ClInclude>
    <ClInclude Include="..\..\cclog.h">
      <Filter>core</Filter>
    </ClInclude>
    <ClInclude Include="..\..\chunk.h">
      <Filter>core</Filter>
    </ClInclude>
    <ClInclude Include="..\..\color_atlas.h">
      <Filter>core</Filter>
    </ClInclude>
    <ClInclude Include="..\..\color_palette.h">
      <Filter>core</Filter>
    </ClInclude>
    <ClInclude Include="..\..\colors.h">
      <Filter>core</Filter>
    </ClInclude>
    <ClInclude Include="..\..\config.h">
      <Filter>core</Filter>
    </ClInclude>
    <ClInclude Include="..\..\doubly_linked_list.h">
      <Filter>core</Filter>
    </ClInclude>
    <ClInclude Include="..\..\doubly_linked_list_uint8.h">
      <Filter>core</Filter>
    </ClInclude>
    <ClInclude Include="..\..\easings.h">
      <Filter>core</Filter>
    </ClInclude>
    <ClInclude Include="..\..\fifo_list.h">
      <Filter>core</Filter>
    </ClInclude>
    <ClInclude Include="..\..\filo_list.h">
      <Filter>core</Filter>
    </ClInclude>
    <ClInclude Include="..\..\filo_list_float3.h">
      <Filter>core</Filter>
    </ClInclude>
    <ClInclude Include="..\..\filo_list_int3.h">
      <Filter>core</Filter>
    </ClInclude>
    <ClInclude Include="..\..\filo_list_uint16.h">
      <Filter>core</Filter>
    </ClInclude>
    <ClInclude Include="..\..\filo_list_uint32.h">
      <Filter>core</Filter>
    </ClInclude>
    <ClInclude Include="..\..\float3.h">
      <Filter>core</Filter>
    </ClInclude>
    <ClInclude Include="..\..\float4.h">
      <Filter>core</Filter>
    </ClInclude>
    <ClInclude Include="..\..\flood_fill_lighting.h">
      <Filter>core</Filter>
    </ClInclude>
    <ClInclude Include="..\..\function_pointers.h">
      <Filter>core</Filter>
    </ClInclude>
    <ClInclude Include="..\..\hash_uint32_int.h">
      <Filter>core</Filter>
    </ClInclude>
    <ClInclude Include="..\..\history.h">
      <Filter>core</Filter>
    </ClInclude>
    <ClInclude Include="..\..\index3d.h">
      <Filter>core</Filter>
    </ClInclude>
    <ClInclude Include="..\..\inputs.h">
      <Filter>core</Filter>
    </ClInclude>
    <ClInclude Include="..\..\int3.h">
      <Filter>core</Filter>
    </ClInclude>
    <ClInclude Include="..\..\magicavoxel.h">
      <Filter>core</Filter>
    </ClInclude>
    <ClInclude Include="..\..\map_string_float3.h">
      <Filter>core</Filter>
    </ClInclude>
    <ClInclude Include="..\..\matrix4x4.h">
      <Filter>core</Filter>
    </ClInclude>
    <ClInclude Include="..\..\octree.h">
      <Filter>core</Filter>
    </ClInclude>
    <ClInclude Include="..\..\quaternion.h">
      <Filter>core</Filter>
    </ClInclude>
    <ClInclude Include="..\..\ray.h">
      <Filter>core</Filter>
    </ClInclude>
    <ClInclude Include="..\..\rigidBody.h">
      <Filter>core</Filter>
    </ClInclude>
    <ClInclude Include="..\..\rtree.h">
      <Filter>core</Filter>
    </ClInclude>
    <ClInclude Include="..\..\scene.h">
      <Filter>core</Filter>
    </ClInclude>
    <ClInclude Include="..\..\serialization.h">
      <Filter>core</Filter>
    </ClInclude>
    <ClInclude Include="..\..\serialization_v5.h">
      <Filter>core</Filter>
    </ClInclude>
    <ClInclude Include="..\..\serialization_v6.h">
      <Filter>core</Filter>
    </ClInclude>
    <ClInclude Include="..\..\shape.h">
      <Filter>core</Filter>
    </ClInclude>
    <ClInclude Include="..\..\stream.h">
      <Filter>core</Filter>
    </ClInclude>
    <ClInclude Include="..\..\transaction.h">
      <Filter>core</Filter>
    </ClInclude>
    <ClInclude Include="..\..\transform.h">
      <Filter>core</Filter>
    </ClInclude>
    <ClInclude Include="..\..\utils.h">
      <Filter>core</Filter>
    </ClInclude>
    <ClInclude Include="..\..\vertextbuffer.h">
      <Filter>core</Filter>
    </ClInclude>
    <ClInclude Include="..\..\weakptr.h">
      <Filter>core</Filter>
    </ClInclude>
    <ClInclude Include="..\test_map_string_float3.h">
      <Filter>tests</Filter>
    </ClInclude>
    <ClInclude Include="..\test_inputs.h">
      <Filter>tests</Filter>
    </ClInclude>
    <ClInclude Include="..\test_flood_fill_lighting.h">
      <Filter>tests</Filter>
    </ClInclude>
    <ClInclude Include="..\test_vertexbuffer.h">
      <Filter>tests</Filter>
    </ClInclude>
    <ClInclude Include="..\..\mutex.h">
      <Filter>core</Filter>
    </ClInclude>
    <ClInclude Include="..\..\quad.h">
      <Filter>core</Filter>
    </ClInclude>
    <ClInclude Include="..\..\camera.h">
      <Filter>core</Filter>
    </ClInclude>
    <ClInclude Include="..\..\light.h">
      <Filter>core</Filter>
    </ClInclude>
    <ClInclude Include="..\..\world_text.h">
      <Filter>core</Filter>
    </ClInclude>
  </ItemGroup>
  <ItemGroup>
    <None Include="..\..\Makefile" />
    <None Include="packages.config" />
  </ItemGroup>
  <ItemGroup>
    <Filter Include="core">
      <UniqueIdentifier>{92f7f5ad-6e39-42bc-875b-65c9c4dfa24e}</UniqueIdentifier>
    </Filter>
    <Filter Include="tests">
      <UniqueIdentifier>{c7d28ab4-3f4b-432c-a095-d3140addc270}</UniqueIdentifier>
    </Filter>
  </ItemGroup>
</Project>